// !$*UTF8*$!
{
	archiveVersion = 1;
	classes = {
	};
	objectVersion = 46;
	objects = {

/* Begin PBXBuildFile section */
		EF145CA31DDA652000DB48FF /* LocationDetailsViewController.swift in Sources */ = {isa = PBXBuildFile; fileRef = EF145CA21DDA652000DB48FF /* LocationDetailsViewController.swift */; };
		EF145CA51DDA80B900DB48FF /* CategoryPickerViewController.swift in Sources */ = {isa = PBXBuildFile; fileRef = EF145CA41DDA80B900DB48FF /* CategoryPickerViewController.swift */; };
		EF145CA71DDA906C00DB48FF /* HudView.swift in Sources */ = {isa = PBXBuildFile; fileRef = EF145CA61DDA906C00DB48FF /* HudView.swift */; };
		EF145CA91DDB841300DB48FF /* Functions.swift in Sources */ = {isa = PBXBuildFile; fileRef = EF145CA81DDB841300DB48FF /* Functions.swift */; };
		EF145CAC1DDB891B00DB48FF /* DataModel.xcdatamodeld in Sources */ = {isa = PBXBuildFile; fileRef = EF145CAA1DDB891B00DB48FF /* DataModel.xcdatamodeld */; };
		EF145CB31DDB8F4D00DB48FF /* MyLocation+CoreDataClass.swift in Sources */ = {isa = PBXBuildFile; fileRef = EF145CB11DDB8F4D00DB48FF /* MyLocation+CoreDataClass.swift */; };
		EF145CB41DDB8F4D00DB48FF /* MyLocation+CoreDataProperties.swift in Sources */ = {isa = PBXBuildFile; fileRef = EF145CB21DDB8F4D00DB48FF /* MyLocation+CoreDataProperties.swift */; };
		EF145CB61DDBBC5B00DB48FF /* LocationsViewController.swift in Sources */ = {isa = PBXBuildFile; fileRef = EF145CB51DDBBC5B00DB48FF /* LocationsViewController.swift */; };
		EF145CB81DDBC54100DB48FF /* LocationCell.swift in Sources */ = {isa = PBXBuildFile; fileRef = EF145CB71DDBC54100DB48FF /* LocationCell.swift */; };
		EF145CBB1DDBE7D800DB48FF /* MapKit.framework in Frameworks */ = {isa = PBXBuildFile; fileRef = EF145CBA1DDBE7D800DB48FF /* MapKit.framework */; };
		EF145CBD1DDBE88C00DB48FF /* MapViewController.swift in Sources */ = {isa = PBXBuildFile; fileRef = EF145CBC1DDBE88C00DB48FF /* MapViewController.swift */; };
		EF145CBF1DDCDB7B00DB48FF /* UIImage+Resize.swift in Sources */ = {isa = PBXBuildFile; fileRef = EF145CBE1DDCDB7B00DB48FF /* UIImage+Resize.swift */; };
		EF3AD9E11DDCE2BC00868CAE /* String+AddText.swift in Sources */ = {isa = PBXBuildFile; fileRef = EF3AD9E01DDCE2BC00868CAE /* String+AddText.swift */; };
		EF3AD9E31DDCEB2000868CAE /* MyTabBarController.swift in Sources */ = {isa = PBXBuildFile; fileRef = EF3AD9E21DDCEB2000868CAE /* MyTabBarController.swift */; };
		EF3AD9E51DDCECA000868CAE /* MyNavigationController.swift in Sources */ = {isa = PBXBuildFile; fileRef = EF3AD9E41DDCECA000868CAE /* MyNavigationController.swift */; };
		EF3AD9E71DDCED0800868CAE /* MyImagePickerController.swift in Sources */ = {isa = PBXBuildFile; fileRef = EF3AD9E61DDCED0800868CAE /* MyImagePickerController.swift */; };
		EF702F221DD929E4003460ED /* AppDelegate.swift in Sources */ = {isa = PBXBuildFile; fileRef = EF702F211DD929E4003460ED /* AppDelegate.swift */; };
		EF702F241DD929E4003460ED /* CurrentLocationViewController.swift in Sources */ = {isa = PBXBuildFile; fileRef = EF702F231DD929E4003460ED /* CurrentLocationViewController.swift */; };
		EF702F291DD929E4003460ED /* Main.storyboard in Resources */ = {isa = PBXBuildFile; fileRef = EF702F271DD929E4003460ED /* Main.storyboard */; };
		EF702F2B1DD929E4003460ED /* Assets.xcassets in Resources */ = {isa = PBXBuildFile; fileRef = EF702F2A1DD929E4003460ED /* Assets.xcassets */; };
/* End PBXBuildFile section */

/* Begin PBXFileReference section */
		EF145CA21DDA652000DB48FF /* LocationDetailsViewController.swift */ = {isa = PBXFileReference; fileEncoding = 4; lastKnownFileType = sourcecode.swift; path = LocationDetailsViewController.swift; sourceTree = "<group>"; };
		EF145CA41DDA80B900DB48FF /* CategoryPickerViewController.swift */ = {isa = PBXFileReference; fileEncoding = 4; lastKnownFileType = sourcecode.swift; path = CategoryPickerViewController.swift; sourceTree = "<group>"; };
		EF145CA61DDA906C00DB48FF /* HudView.swift */ = {isa = PBXFileReference; fileEncoding = 4; lastKnownFileType = sourcecode.swift; path = HudView.swift; sourceTree = "<group>"; };
		EF145CA81DDB841300DB48FF /* Functions.swift */ = {isa = PBXFileReference; fileEncoding = 4; lastKnownFileType = sourcecode.swift; path = Functions.swift; sourceTree = "<group>"; };
		EF145CAB1DDB891B00DB48FF /* DataModel.xcdatamodel */ = {isa = PBXFileReference; lastKnownFileType = wrapper.xcdatamodel; path = DataModel.xcdatamodel; sourceTree = "<group>"; };
		EF145CB11DDB8F4D00DB48FF /* MyLocation+CoreDataClass.swift */ = {isa = PBXFileReference; fileEncoding = 4; lastKnownFileType = sourcecode.swift; path = "MyLocation+CoreDataClass.swift"; sourceTree = "<group>"; };
		EF145CB21DDB8F4D00DB48FF /* MyLocation+CoreDataProperties.swift */ = {isa = PBXFileReference; fileEncoding = 4; lastKnownFileType = sourcecode.swift; path = "MyLocation+CoreDataProperties.swift"; sourceTree = "<group>"; };
		EF145CB51DDBBC5B00DB48FF /* LocationsViewController.swift */ = {isa = PBXFileReference; fileEncoding = 4; lastKnownFileType = sourcecode.swift; path = LocationsViewController.swift; sourceTree = "<group>"; };
		EF145CB71DDBC54100DB48FF /* LocationCell.swift */ = {isa = PBXFileReference; fileEncoding = 4; lastKnownFileType = sourcecode.swift; path = LocationCell.swift; sourceTree = "<group>"; };
		EF145CBA1DDBE7D800DB48FF /* MapKit.framework */ = {isa = PBXFileReference; lastKnownFileType = wrapper.framework; name = MapKit.framework; path = System/Library/Frameworks/MapKit.framework; sourceTree = SDKROOT; };
		EF145CBC1DDBE88C00DB48FF /* MapViewController.swift */ = {isa = PBXFileReference; fileEncoding = 4; lastKnownFileType = sourcecode.swift; path = MapViewController.swift; sourceTree = "<group>"; };
		EF145CBE1DDCDB7B00DB48FF /* UIImage+Resize.swift */ = {isa = PBXFileReference; fileEncoding = 4; lastKnownFileType = sourcecode.swift; path = "UIImage+Resize.swift"; sourceTree = "<group>"; };
		EF3AD9E01DDCE2BC00868CAE /* String+AddText.swift */ = {isa = PBXFileReference; fileEncoding = 4; lastKnownFileType = sourcecode.swift; path = "String+AddText.swift"; sourceTree = "<group>"; };
		EF3AD9E21DDCEB2000868CAE /* MyTabBarController.swift */ = {isa = PBXFileReference; fileEncoding = 4; lastKnownFileType = sourcecode.swift; path = MyTabBarController.swift; sourceTree = "<group>"; };
		EF3AD9E41DDCECA000868CAE /* MyNavigationController.swift */ = {isa = PBXFileReference; fileEncoding = 4; lastKnownFileType = sourcecode.swift; path = MyNavigationController.swift; sourceTree = "<group>"; };
		EF3AD9E61DDCED0800868CAE /* MyImagePickerController.swift */ = {isa = PBXFileReference; fileEncoding = 4; lastKnownFileType = sourcecode.swift; path = MyImagePickerController.swift; sourceTree = "<group>"; };
		EF702F1E1DD929E4003460ED /* MyLocations.app */ = {isa = PBXFileReference; explicitFileType = wrapper.application; includeInIndex = 0; path = MyLocations.app; sourceTree = BUILT_PRODUCTS_DIR; };
		EF702F211DD929E4003460ED /* AppDelegate.swift */ = {isa = PBXFileReference; lastKnownFileType = sourcecode.swift; path = AppDelegate.swift; sourceTree = "<group>"; };
		EF702F231DD929E4003460ED /* CurrentLocationViewController.swift */ = {isa = PBXFileReference; lastKnownFileType = sourcecode.swift; path = CurrentLocationViewController.swift; sourceTree = "<group>"; };
		EF702F281DD929E4003460ED /* Base */ = {isa = PBXFileReference; lastKnownFileType = file.storyboard; name = Base; path = Base.lproj/Main.storyboard; sourceTree = "<group>"; };
		EF702F2A1DD929E4003460ED /* Assets.xcassets */ = {isa = PBXFileReference; lastKnownFileType = folder.assetcatalog; path = Assets.xcassets; sourceTree = "<group>"; };
		EF702F2F1DD929E4003460ED /* Info.plist */ = {isa = PBXFileReference; lastKnownFileType = text.plist.xml; path = Info.plist; sourceTree = "<group>"; };
/* End PBXFileReference section */

/* Begin PBXFrameworksBuildPhase section */
		EF702F1B1DD929E4003460ED /* Frameworks */ = {
			isa = PBXFrameworksBuildPhase;
			buildActionMask = 2147483647;
			files = (
				EF145CBB1DDBE7D800DB48FF /* MapKit.framework in Frameworks */,
			);
			runOnlyForDeploymentPostprocessing = 0;
		};
/* End PBXFrameworksBuildPhase section */

/* Begin PBXGroup section */
		EF145CB91DDBE7D800DB48FF /* Frameworks */ = {
			isa = PBXGroup;
			children = (
				EF145CBA1DDBE7D800DB48FF /* MapKit.framework */,
			);
			name = Frameworks;
			sourceTree = "<group>";
		};
		EF702F151DD929E4003460ED = {
			isa = PBXGroup;
			children = (
				EF145CB11DDB8F4D00DB48FF /* MyLocation+CoreDataClass.swift */,
				EF145CB21DDB8F4D00DB48FF /* MyLocation+CoreDataProperties.swift */,
				EF702F201DD929E4003460ED /* MyLocations */,
				EF702F1F1DD929E4003460ED /* Products */,
				EF145CB91DDBE7D800DB48FF /* Frameworks */,
			);
			sourceTree = "<group>";
		};
		EF702F1F1DD929E4003460ED /* Products */ = {
			isa = PBXGroup;
			children = (
				EF702F1E1DD929E4003460ED /* MyLocations.app */,
			);
			name = Products;
			sourceTree = "<group>";
		};
		EF702F201DD929E4003460ED /* MyLocations */ = {
			isa = PBXGroup;
			children = (
				EF702F211DD929E4003460ED /* AppDelegate.swift */,
				EF702F2A1DD929E4003460ED /* Assets.xcassets */,
				EF145CA41DDA80B900DB48FF /* CategoryPickerViewController.swift */,
				EF702F231DD929E4003460ED /* CurrentLocationViewController.swift */,
				EF145CAA1DDB891B00DB48FF /* DataModel.xcdatamodeld */,
				EF145CA81DDB841300DB48FF /* Functions.swift */,
				EF145CA61DDA906C00DB48FF /* HudView.swift */,
				EF702F2F1DD929E4003460ED /* Info.plist */,
				EF145CB71DDBC54100DB48FF /* LocationCell.swift */,
				EF145CA21DDA652000DB48FF /* LocationDetailsViewController.swift */,
				EF145CB51DDBBC5B00DB48FF /* LocationsViewController.swift */,
				EF702F271DD929E4003460ED /* Main.storyboard */,
				EF145CBC1DDBE88C00DB48FF /* MapViewController.swift */,
				EF3AD9E61DDCED0800868CAE /* MyImagePickerController.swift */,
				EF3AD9E41DDCECA000868CAE /* MyNavigationController.swift */,
				EF3AD9E21DDCEB2000868CAE /* MyTabBarController.swift */,
				EF3AD9E01DDCE2BC00868CAE /* String+AddText.swift */,
				EF145CBE1DDCDB7B00DB48FF /* UIImage+Resize.swift */,
			);
			path = MyLocations;
			sourceTree = "<group>";
		};
/* End PBXGroup section */

/* Begin PBXNativeTarget section */
		EF702F1D1DD929E4003460ED /* MyLocations */ = {
			isa = PBXNativeTarget;
			buildConfigurationList = EF702F321DD929E4003460ED /* Build configuration list for PBXNativeTarget "MyLocations" */;
			buildPhases = (
				EF702F1A1DD929E4003460ED /* Sources */,
				EF702F1B1DD929E4003460ED /* Frameworks */,
				EF702F1C1DD929E4003460ED /* Resources */,
			);
			buildRules = (
			);
			dependencies = (
			);
			name = MyLocations;
			productName = MyLocations;
			productReference = EF702F1E1DD929E4003460ED /* MyLocations.app */;
			productType = "com.apple.product-type.application";
		};
/* End PBXNativeTarget section */

/* Begin PBXProject section */
		EF702F161DD929E4003460ED /* Project object */ = {
			isa = PBXProject;
			attributes = {
				LastSwiftUpdateCheck = 0810;
				LastUpgradeCheck = 0810;
				ORGANIZATIONNAME = "Hans Ravnaas";
				TargetAttributes = {
					EF702F1D1DD929E4003460ED = {
						CreatedOnToolsVersion = 8.1;
						DevelopmentTeam = STBKN925D5;
						ProvisioningStyle = Automatic;
						SystemCapabilities = {
							com.apple.Maps.iOS = {
								enabled = 1;
							};
						};
					};
				};
			};
			buildConfigurationList = EF702F191DD929E4003460ED /* Build configuration list for PBXProject "MyLocations" */;
			compatibilityVersion = "Xcode 3.2";
			developmentRegion = English;
			hasScannedForEncodings = 0;
			knownRegions = (
				en,
				Base,
			);
			mainGroup = EF702F151DD929E4003460ED;
			productRefGroup = EF702F1F1DD929E4003460ED /* Products */;
			projectDirPath = "";
			projectRoot = "";
			targets = (
				EF702F1D1DD929E4003460ED /* MyLocations */,
			);
		};
/* End PBXProject section */

/* Begin PBXResourcesBuildPhase section */
		EF702F1C1DD929E4003460ED /* Resources */ = {
			isa = PBXResourcesBuildPhase;
			buildActionMask = 2147483647;
			files = (
				EF702F2B1DD929E4003460ED /* Assets.xcassets in Resources */,
				EF702F291DD929E4003460ED /* Main.storyboard in Resources */,
			);
			runOnlyForDeploymentPostprocessing = 0;
		};
/* End PBXResourcesBuildPhase section */

/* Begin PBXSourcesBuildPhase section */
		EF702F1A1DD929E4003460ED /* Sources */ = {
			isa = PBXSourcesBuildPhase;
			buildActionMask = 2147483647;
			files = (
				EF145CB41DDB8F4D00DB48FF /* MyLocation+CoreDataProperties.swift in Sources */,
				EF3AD9E51DDCECA000868CAE /* MyNavigationController.swift in Sources */,
				EF145CA31DDA652000DB48FF /* LocationDetailsViewController.swift in Sources */,
				EF3AD9E71DDCED0800868CAE /* MyImagePickerController.swift in Sources */,
				EF145CB81DDBC54100DB48FF /* LocationCell.swift in Sources */,
				EF145CAC1DDB891B00DB48FF /* DataModel.xcdatamodeld in Sources */,
				EF145CB61DDBBC5B00DB48FF /* LocationsViewController.swift in Sources */,
				EF145CBF1DDCDB7B00DB48FF /* UIImage+Resize.swift in Sources */,
				EF145CBD1DDBE88C00DB48FF /* MapViewController.swift in Sources */,
				EF145CA71DDA906C00DB48FF /* HudView.swift in Sources */,
				EF145CB31DDB8F4D00DB48FF /* MyLocation+CoreDataClass.swift in Sources */,
				EF3AD9E11DDCE2BC00868CAE /* String+AddText.swift in Sources */,
				EF145CA91DDB841300DB48FF /* Functions.swift in Sources */,
				EF702F221DD929E4003460ED /* AppDelegate.swift in Sources */,
				EF145CA51DDA80B900DB48FF /* CategoryPickerViewController.swift in Sources */,
				EF702F241DD929E4003460ED /* CurrentLocationViewController.swift in Sources */,
				EF3AD9E31DDCEB2000868CAE /* MyTabBarController.swift in Sources */,
			);
			runOnlyForDeploymentPostprocessing = 0;
		};
/* End PBXSourcesBuildPhase section */

/* Begin PBXVariantGroup section */
		EF702F271DD929E4003460ED /* Main.storyboard */ = {
			isa = PBXVariantGroup;
			children = (
				EF702F281DD929E4003460ED /* Base */,
			);
			name = Main.storyboard;
			sourceTree = "<group>";
		};
/* End PBXVariantGroup section */

/* Begin XCBuildConfiguration section */
		EF702F301DD929E4003460ED /* Debug */ = {
			isa = XCBuildConfiguration;
			buildSettings = {
				ALWAYS_SEARCH_USER_PATHS = NO;
				CLANG_ANALYZER_NONNULL = YES;
				CLANG_CXX_LANGUAGE_STANDARD = "gnu++0x";
				CLANG_CXX_LIBRARY = "libc++";
				CLANG_ENABLE_MODULES = YES;
				CLANG_ENABLE_OBJC_ARC = YES;
				CLANG_WARN_BOOL_CONVERSION = YES;
				CLANG_WARN_CONSTANT_CONVERSION = YES;
				CLANG_WARN_DIRECT_OBJC_ISA_USAGE = YES_ERROR;
				CLANG_WARN_DOCUMENTATION_COMMENTS = YES;
				CLANG_WARN_EMPTY_BODY = YES;
				CLANG_WARN_ENUM_CONVERSION = YES;
				CLANG_WARN_INFINITE_RECURSION = YES;
				CLANG_WARN_INT_CONVERSION = YES;
				CLANG_WARN_OBJC_ROOT_CLASS = YES_ERROR;
				CLANG_WARN_SUSPICIOUS_MOVES = YES;
				CLANG_WARN_UNREACHABLE_CODE = YES;
				CLANG_WARN__DUPLICATE_METHOD_MATCH = YES;
				"CODE_SIGN_IDENTITY[sdk=iphoneos*]" = "iPhone Developer";
				COPY_PHASE_STRIP = NO;
				DEBUG_INFORMATION_FORMAT = dwarf;
				ENABLE_STRICT_OBJC_MSGSEND = YES;
				ENABLE_TESTABILITY = YES;
				GCC_C_LANGUAGE_STANDARD = gnu99;
				GCC_DYNAMIC_NO_PIC = NO;
				GCC_NO_COMMON_BLOCKS = YES;
				GCC_OPTIMIZATION_LEVEL = 0;
				GCC_PREPROCESSOR_DEFINITIONS = (
					"DEBUG=1",
					"$(inherited)",
				);
				GCC_WARN_64_TO_32_BIT_CONVERSION = YES;
				GCC_WARN_ABOUT_RETURN_TYPE = YES_ERROR;
				GCC_WARN_UNDECLARED_SELECTOR = YES;
				GCC_WARN_UNINITIALIZED_AUTOS = YES_AGGRESSIVE;
				GCC_WARN_UNUSED_FUNCTION = YES;
				GCC_WARN_UNUSED_VARIABLE = YES;
				IPHONEOS_DEPLOYMENT_TARGET = 10.1;
				MTL_ENABLE_DEBUG_INFO = YES;
				ONLY_ACTIVE_ARCH = YES;
				SDKROOT = iphoneos;
				SWIFT_ACTIVE_COMPILATION_CONDITIONS = DEBUG;
				SWIFT_OPTIMIZATION_LEVEL = "-Onone";
			};
			name = Debug;
		};
		EF702F311DD929E4003460ED /* Release */ = {
			isa = XCBuildConfiguration;
			buildSettings = {
				ALWAYS_SEARCH_USER_PATHS = NO;
				CLANG_ANALYZER_NONNULL = YES;
				CLANG_CXX_LANGUAGE_STANDARD = "gnu++0x";
				CLANG_CXX_LIBRARY = "libc++";
				CLANG_ENABLE_MODULES = YES;
				CLANG_ENABLE_OBJC_ARC = YES;
				CLANG_WARN_BOOL_CONVERSION = YES;
				CLANG_WARN_CONSTANT_CONVERSION = YES;
				CLANG_WARN_DIRECT_OBJC_ISA_USAGE = YES_ERROR;
				CLANG_WARN_DOCUMENTATION_COMMENTS = YES;
				CLANG_WARN_EMPTY_BODY = YES;
				CLANG_WARN_ENUM_CONVERSION = YES;
				CLANG_WARN_INFINITE_RECURSION = YES;
				CLANG_WARN_INT_CONVERSION = YES;
				CLANG_WARN_OBJC_ROOT_CLASS = YES_ERROR;
				CLANG_WARN_SUSPICIOUS_MOVES = YES;
				CLANG_WARN_UNREACHABLE_CODE = YES;
				CLANG_WARN__DUPLICATE_METHOD_MATCH = YES;
				"CODE_SIGN_IDENTITY[sdk=iphoneos*]" = "iPhone Developer";
				COPY_PHASE_STRIP = NO;
				DEBUG_INFORMATION_FORMAT = "dwarf-with-dsym";
				ENABLE_NS_ASSERTIONS = NO;
				ENABLE_STRICT_OBJC_MSGSEND = YES;
				GCC_C_LANGUAGE_STANDARD = gnu99;
				GCC_NO_COMMON_BLOCKS = YES;
				GCC_WARN_64_TO_32_BIT_CONVERSION = YES;
				GCC_WARN_ABOUT_RETURN_TYPE = YES_ERROR;
				GCC_WARN_UNDECLARED_SELECTOR = YES;
				GCC_WARN_UNINITIALIZED_AUTOS = YES_AGGRESSIVE;
				GCC_WARN_UNUSED_FUNCTION = YES;
				GCC_WARN_UNUSED_VARIABLE = YES;
				IPHONEOS_DEPLOYMENT_TARGET = 10.1;
				MTL_ENABLE_DEBUG_INFO = NO;
				SDKROOT = iphoneos;
				SWIFT_OPTIMIZATION_LEVEL = "-Owholemodule";
				VALIDATE_PRODUCT = YES;
			};
			name = Release;
		};
		EF702F331DD929E4003460ED /* Debug */ = {
			isa = XCBuildConfiguration;
			buildSettings = {
				ASSETCATALOG_COMPILER_APPICON_NAME = AppIcon;
				ASSETCATALOG_COMPILER_LAUNCHIMAGE_NAME = LaunchImage;
				DEVELOPMENT_TEAM = STBKN925D5;
				INFOPLIST_FILE = MyLocations/Info.plist;
				LD_RUNPATH_SEARCH_PATHS = "$(inherited) @executable_path/Frameworks";
				PRODUCT_BUNDLE_IDENTIFIER = Hans.MyLocations;
				PRODUCT_NAME = "$(TARGET_NAME)";
				SWIFT_VERSION = 3.0;
			};
			name = Debug;
		};
		EF702F341DD929E4003460ED /* Release */ = {
			isa = XCBuildConfiguration;
			buildSettings = {
				ASSETCATALOG_COMPILER_APPICON_NAME = AppIcon;
				ASSETCATALOG_COMPILER_LAUNCHIMAGE_NAME = LaunchImage;
				DEVELOPMENT_TEAM = STBKN925D5;
				INFOPLIST_FILE = MyLocations/Info.plist;
				LD_RUNPATH_SEARCH_PATHS = "$(inherited) @executable_path/Frameworks";
				PRODUCT_BUNDLE_IDENTIFIER = Hans.MyLocations;
				PRODUCT_NAME = "$(TARGET_NAME)";
				SWIFT_VERSION = 3.0;
			};
			name = Release;
		};
/* End XCBuildConfiguration section */

/* Begin XCConfigurationList section */
		EF702F191DD929E4003460ED /* Build configuration list for PBXProject "MyLocations" */ = {
			isa = XCConfigurationList;
			buildConfigurations = (
				EF702F301DD929E4003460ED /* Debug */,
				EF702F311DD929E4003460ED /* Release */,
			);
			defaultConfigurationIsVisible = 0;
			defaultConfigurationName = Release;
		};
		EF702F321DD929E4003460ED /* Build configuration list for PBXNativeTarget "MyLocations" */ = {
			isa = XCConfigurationList;
			buildConfigurations = (
				EF702F331DD929E4003460ED /* Debug */,
				EF702F341DD929E4003460ED /* Release */,
			);
			defaultConfigurationIsVisible = 0;
			defaultConfigurationName = Release;
		};
/* End XCConfigurationList section */

/* Begin XCVersionGroup section */
		EF145CAA1DDB891B00DB48FF /* DataModel.xcdatamodeld */ = {
			isa = XCVersionGroup;
			children = (
				EF145CAB1DDB891B00DB48FF /* DataModel.xcdatamodel */,
			);
			currentVersion = EF145CAB1DDB891B00DB48FF /* DataModel.xcdatamodel */;
			path = DataModel.xcdatamodeld;
			sourceTree = "<group>";
			versionGroupType = wrapper.xcdatamodel;
		};
/* End XCVersionGroup section */
	};
	rootObject = EF702F161DD929E4003460ED /* Project object */;
}
