// !$*UTF8*$!
{
	archiveVersion = 1;
	classes = {
	};
	objectVersion = 46;
	objects = {

/* Begin PBXBuildFile section */
		EF37AFBB1DC807A0005F6486 /* AppDelegate.swift in Sources */ = {isa = PBXBuildFile; fileRef = EF37AFBA1DC807A0005F6486 /* AppDelegate.swift */; };
		EF37AFBD1DC807A0005F6486 /* ViewController.swift in Sources */ = {isa = PBXBuildFile; fileRef = EF37AFBC1DC807A0005F6486 /* ViewController.swift */; };
		EF37AFC01DC807A0005F6486 /* Main.storyboard in Resources */ = {isa = PBXBuildFile; fileRef = EF37AFBE1DC807A0005F6486 /* Main.storyboard */; };
		EF37AFC21DC807A0005F6486 /* Assets.xcassets in Resources */ = {isa = PBXBuildFile; fileRef = EF37AFC11DC807A0005F6486 /* Assets.xcassets */; };
		EF37AFC51DC807A0005F6486 /* LaunchScreen.storyboard in Resources */ = {isa = PBXBuildFile; fileRef = EF37AFC31DC807A0005F6486 /* LaunchScreen.storyboard */; };
		EF37AFD01DC807A0005F6486 /* TestTests.swift in Sources */ = {isa = PBXBuildFile; fileRef = EF37AFCF1DC807A0005F6486 /* TestTests.swift */; };
		EF37AFDB1DC807A0005F6486 /* TestUITests.swift in Sources */ = {isa = PBXBuildFile; fileRef = EF37AFDA1DC807A0005F6486 /* TestUITests.swift */; };
/* End PBXBuildFile section */

/* Begin PBXContainerItemProxy section */
		EF37AFCC1DC807A0005F6486 /* PBXContainerItemProxy */ = {
			isa = PBXContainerItemProxy;
			containerPortal = EF37AFAF1DC807A0005F6486 /* Project object */;
			proxyType = 1;
			remoteGlobalIDString = EF37AFB61DC807A0005F6486;
			remoteInfo = Test;
		};
		EF37AFD71DC807A0005F6486 /* PBXContainerItemProxy */ = {
			isa = PBXContainerItemProxy;
			containerPortal = EF37AFAF1DC807A0005F6486 /* Project object */;
			proxyType = 1;
			remoteGlobalIDString = EF37AFB61DC807A0005F6486;
			remoteInfo = Test;
		};
/* End PBXContainerItemProxy section */

/* Begin PBXFileReference section */
		EF37AFB71DC807A0005F6486 /* Test.app */ = {isa = PBXFileReference; explicitFileType = wrapper.application; includeInIndex = 0; path = Test.app; sourceTree = BUILT_PRODUCTS_DIR; };
		EF37AFBA1DC807A0005F6486 /* AppDelegate.swift */ = {isa = PBXFileReference; lastKnownFileType = sourcecode.swift; path = AppDelegate.swift; sourceTree = "<group>"; };
		EF37AFBC1DC807A0005F6486 /* ViewController.swift */ = {isa = PBXFileReference; lastKnownFileType = sourcecode.swift; path = ViewController.swift; sourceTree = "<group>"; };
		EF37AFBF1DC807A0005F6486 /* Base */ = {isa = PBXFileReference; lastKnownFileType = file.storyboard; name = Base; path = Base.lproj/Main.storyboard; sourceTree = "<group>"; };
		EF37AFC11DC807A0005F6486 /* Assets.xcassets */ = {isa = PBXFileReference; lastKnownFileType = folder.assetcatalog; path = Assets.xcassets; sourceTree = "<group>"; };
		EF37AFC41DC807A0005F6486 /* Base */ = {isa = PBXFileReference; lastKnownFileType = file.storyboard; name = Base; path = Base.lproj/LaunchScreen.storyboard; sourceTree = "<group>"; };
		EF37AFC61DC807A0005F6486 /* Info.plist */ = {isa = PBXFileReference; lastKnownFileType = text.plist.xml; path = Info.plist; sourceTree = "<group>"; };
		EF37AFCB1DC807A0005F6486 /* TestTests.xctest */ = {isa = PBXFileReference; explicitFileType = wrapper.cfbundle; includeInIndex = 0; path = TestTests.xctest; sourceTree = BUILT_PRODUCTS_DIR; };
		EF37AFCF1DC807A0005F6486 /* TestTests.swift */ = {isa = PBXFileReference; lastKnownFileType = sourcecode.swift; path = TestTests.swift; sourceTree = "<group>"; };
		EF37AFD11DC807A0005F6486 /* Info.plist */ = {isa = PBXFileReference; lastKnownFileType = text.plist.xml; path = Info.plist; sourceTree = "<group>"; };
		EF37AFD61DC807A0005F6486 /* TestUITests.xctest */ = {isa = PBXFileReference; explicitFileType = wrapper.cfbundle; includeInIndex = 0; path = TestUITests.xctest; sourceTree = BUILT_PRODUCTS_DIR; };
		EF37AFDA1DC807A0005F6486 /* TestUITests.swift */ = {isa = PBXFileReference; lastKnownFileType = sourcecode.swift; path = TestUITests.swift; sourceTree = "<group>"; };
		EF37AFDC1DC807A0005F6486 /* Info.plist */ = {isa = PBXFileReference; lastKnownFileType = text.plist.xml; path = Info.plist; sourceTree = "<group>"; };
/* End PBXFileReference section */

/* Begin PBXFrameworksBuildPhase section */
		EF37AFB41DC807A0005F6486 /* Frameworks */ = {
			isa = PBXFrameworksBuildPhase;
			buildActionMask = 2147483647;
			files = (
			);
			runOnlyForDeploymentPostprocessing = 0;
		};
		EF37AFC81DC807A0005F6486 /* Frameworks */ = {
			isa = PBXFrameworksBuildPhase;
			buildActionMask = 2147483647;
			files = (
			);
			runOnlyForDeploymentPostprocessing = 0;
		};
		EF37AFD31DC807A0005F6486 /* Frameworks */ = {
			isa = PBXFrameworksBuildPhase;
			buildActionMask = 2147483647;
			files = (
			);
			runOnlyForDeploymentPostprocessing = 0;
		};
/* End PBXFrameworksBuildPhase section */

/* Begin PBXGroup section */
		EF37AFAE1DC807A0005F6486 = {
			isa = PBXGroup;
			children = (
				EF37AFB91DC807A0005F6486 /* Test */,
				EF37AFCE1DC807A0005F6486 /* TestTests */,
				EF37AFD91DC807A0005F6486 /* TestUITests */,
				EF37AFB81DC807A0005F6486 /* Products */,
			);
			sourceTree = "<group>";
		};
		EF37AFB81DC807A0005F6486 /* Products */ = {
			isa = PBXGroup;
			children = (
				EF37AFB71DC807A0005F6486 /* Test.app */,
				EF37AFCB1DC807A0005F6486 /* TestTests.xctest */,
				EF37AFD61DC807A0005F6486 /* TestUITests.xctest */,
			);
			name = Products;
			sourceTree = "<group>";
		};
		EF37AFB91DC807A0005F6486 /* Test */ = {
			isa = PBXGroup;
			children = (
				EF37AFBA1DC807A0005F6486 /* AppDelegate.swift */,
				EF37AFBC1DC807A0005F6486 /* ViewController.swift */,
				EF37AFBE1DC807A0005F6486 /* Main.storyboard */,
				EF37AFC11DC807A0005F6486 /* Assets.xcassets */,
				EF37AFC31DC807A0005F6486 /* LaunchScreen.storyboard */,
				EF37AFC61DC807A0005F6486 /* Info.plist */,
			);
			path = Test;
			sourceTree = "<group>";
		};
		EF37AFCE1DC807A0005F6486 /* TestTests */ = {
			isa = PBXGroup;
			children = (
				EF37AFCF1DC807A0005F6486 /* TestTests.swift */,
				EF37AFD11DC807A0005F6486 /* Info.plist */,
			);
			path = TestTests;
			sourceTree = "<group>";
		};
		EF37AFD91DC807A0005F6486 /* TestUITests */ = {
			isa = PBXGroup;
			children = (
				EF37AFDA1DC807A0005F6486 /* TestUITests.swift */,
				EF37AFDC1DC807A0005F6486 /* Info.plist */,
			);
			path = TestUITests;
			sourceTree = "<group>";
		};
/* End PBXGroup section */

/* Begin PBXNativeTarget section */
		EF37AFB61DC807A0005F6486 /* Test */ = {
			isa = PBXNativeTarget;
			buildConfigurationList = EF37AFDF1DC807A0005F6486 /* Build configuration list for PBXNativeTarget "Test" */;
			buildPhases = (
				EF37AFB31DC807A0005F6486 /* Sources */,
				EF37AFB41DC807A0005F6486 /* Frameworks */,
				EF37AFB51DC807A0005F6486 /* Resources */,
			);
			buildRules = (
			);
			dependencies = (
			);
			name = Test;
			productName = Test;
			productReference = EF37AFB71DC807A0005F6486 /* Test.app */;
			productType = "com.apple.product-type.application";
		};
		EF37AFCA1DC807A0005F6486 /* TestTests */ = {
			isa = PBXNativeTarget;
			buildConfigurationList = EF37AFE21DC807A0005F6486 /* Build configuration list for PBXNativeTarget "TestTests" */;
			buildPhases = (
				EF37AFC71DC807A0005F6486 /* Sources */,
				EF37AFC81DC807A0005F6486 /* Frameworks */,
				EF37AFC91DC807A0005F6486 /* Resources */,
			);
			buildRules = (
			);
			dependencies = (
				EF37AFCD1DC807A0005F6486 /* PBXTargetDependency */,
			);
			name = TestTests;
			productName = TestTests;
			productReference = EF37AFCB1DC807A0005F6486 /* TestTests.xctest */;
			productType = "com.apple.product-type.bundle.unit-test";
		};
		EF37AFD51DC807A0005F6486 /* TestUITests */ = {
			isa = PBXNativeTarget;
			buildConfigurationList = EF37AFE51DC807A0005F6486 /* Build configuration list for PBXNativeTarget "TestUITests" */;
			buildPhases = (
				EF37AFD21DC807A0005F6486 /* Sources */,
				EF37AFD31DC807A0005F6486 /* Frameworks */,
				EF37AFD41DC807A0005F6486 /* Resources */,
			);
			buildRules = (
			);
			dependencies = (
				EF37AFD81DC807A0005F6486 /* PBXTargetDependency */,
			);
			name = TestUITests;
			productName = TestUITests;
			productReference = EF37AFD61DC807A0005F6486 /* TestUITests.xctest */;
			productType = "com.apple.product-type.bundle.ui-testing";
		};
/* End PBXNativeTarget section */

/* Begin PBXProject section */
		EF37AFAF1DC807A0005F6486 /* Project object */ = {
			isa = PBXProject;
			attributes = {
				LastSwiftUpdateCheck = 0800;
				LastUpgradeCheck = 0800;
				ORGANIZATIONNAME = "Hans Ravnaas";
				TargetAttributes = {
					EF37AFB61DC807A0005F6486 = {
						CreatedOnToolsVersion = 8.0;
						ProvisioningStyle = Automatic;
					};
					EF37AFCA1DC807A0005F6486 = {
						CreatedOnToolsVersion = 8.0;
						ProvisioningStyle = Automatic;
						TestTargetID = EF37AFB61DC807A0005F6486;
					};
					EF37AFD51DC807A0005F6486 = {
						CreatedOnToolsVersion = 8.0;
						ProvisioningStyle = Automatic;
						TestTargetID = EF37AFB61DC807A0005F6486;
					};
				};
			};
			buildConfigurationList = EF37AFB21DC807A0005F6486 /* Build configuration list for PBXProject "Test" */;
			compatibilityVersion = "Xcode 3.2";
			developmentRegion = English;
			hasScannedForEncodings = 0;
			knownRegions = (
				en,
				Base,
			);
			mainGroup = EF37AFAE1DC807A0005F6486;
			productRefGroup = EF37AFB81DC807A0005F6486 /* Products */;
			projectDirPath = "";
			projectRoot = "";
			targets = (
				EF37AFB61DC807A0005F6486 /* Test */,
				EF37AFCA1DC807A0005F6486 /* TestTests */,
				EF37AFD51DC807A0005F6486 /* TestUITests */,
			);
		};
/* End PBXProject section */

/* Begin PBXResourcesBuildPhase section */
		EF37AFB51DC807A0005F6486 /* Resources */ = {
			isa = PBXResourcesBuildPhase;
			buildActionMask = 2147483647;
			files = (
				EF37AFC51DC807A0005F6486 /* LaunchScreen.storyboard in Resources */,
				EF37AFC21DC807A0005F6486 /* Assets.xcassets in Resources */,
				EF37AFC01DC807A0005F6486 /* Main.storyboard in Resources */,
			);
			runOnlyForDeploymentPostprocessing = 0;
		};
		EF37AFC91DC807A0005F6486 /* Resources */ = {
			isa = PBXResourcesBuildPhase;
			buildActionMask = 2147483647;
			files = (
			);
			runOnlyForDeploymentPostprocessing = 0;
		};
		EF37AFD41DC807A0005F6486 /* Resources */ = {
			isa = PBXResourcesBuildPhase;
			buildActionMask = 2147483647;
			files = (
			);
			runOnlyForDeploymentPostprocessing = 0;
		};
/* End PBXResourcesBuildPhase section */

/* Begin PBXSourcesBuildPhase section */
		EF37AFB31DC807A0005F6486 /* Sources */ = {
			isa = PBXSourcesBuildPhase;
			buildActionMask = 2147483647;
			files = (
				EF37AFBD1DC807A0005F6486 /* ViewController.swift in Sources */,
				EF37AFBB1DC807A0005F6486 /* AppDelegate.swift in Sources */,
			);
			runOnlyForDeploymentPostprocessing = 0;
		};
		EF37AFC71DC807A0005F6486 /* Sources */ = {
			isa = PBXSourcesBuildPhase;
			buildActionMask = 2147483647;
			files = (
				EF37AFD01DC807A0005F6486 /* TestTests.swift in Sources */,
			);
			runOnlyForDeploymentPostprocessing = 0;
		};
		EF37AFD21DC807A0005F6486 /* Sources */ = {
			isa = PBXSourcesBuildPhase;
			buildActionMask = 2147483647;
			files = (
				EF37AFDB1DC807A0005F6486 /* TestUITests.swift in Sources */,
			);
			runOnlyForDeploymentPostprocessing = 0;
		};
/* End PBXSourcesBuildPhase section */

/* Begin PBXTargetDependency section */
		EF37AFCD1DC807A0005F6486 /* PBXTargetDependency */ = {
			isa = PBXTargetDependency;
			target = EF37AFB61DC807A0005F6486 /* Test */;
			targetProxy = EF37AFCC1DC807A0005F6486 /* PBXContainerItemProxy */;
		};
		EF37AFD81DC807A0005F6486 /* PBXTargetDependency */ = {
			isa = PBXTargetDependency;
			target = EF37AFB61DC807A0005F6486 /* Test */;
			targetProxy = EF37AFD71DC807A0005F6486 /* PBXContainerItemProxy */;
		};
/* End PBXTargetDependency section */

/* Begin PBXVariantGroup section */
		EF37AFBE1DC807A0005F6486 /* Main.storyboard */ = {
			isa = PBXVariantGroup;
			children = (
				EF37AFBF1DC807A0005F6486 /* Base */,
			);
			name = Main.storyboard;
			sourceTree = "<group>";
		};
		EF37AFC31DC807A0005F6486 /* LaunchScreen.storyboard */ = {
			isa = PBXVariantGroup;
			children = (
				EF37AFC41DC807A0005F6486 /* Base */,
			);
			name = LaunchScreen.storyboard;
			sourceTree = "<group>";
		};
/* End PBXVariantGroup section */

/* Begin XCBuildConfiguration section */
		EF37AFDD1DC807A0005F6486 /* Debug */ = {
			isa = XCBuildConfiguration;
			buildSettings = {
				ALWAYS_SEARCH_USER_PATHS = NO;
				CLANG_ANALYZER_NONNULL = YES;
				CLANG_CXX_LANGUAGE_STANDARD = "gnu++0x";
				CLANG_CXX_LIBRARY = "libc++";
				CLANG_ENABLE_MODULES = YES;
				CLANG_ENABLE_OBJC_ARC = YES;
				CLANG_WARN_BOOL_CONVERSION = YES;
				CLANG_WARN_CONSTANT_CONVERSION = YES;
				CLANG_WARN_DIRECT_OBJC_ISA_USAGE = YES_ERROR;
				CLANG_WARN_DOCUMENTATION_COMMENTS = YES;
				CLANG_WARN_EMPTY_BODY = YES;
				CLANG_WARN_ENUM_CONVERSION = YES;
				CLANG_WARN_INFINITE_RECURSION = YES;
				CLANG_WARN_INT_CONVERSION = YES;
				CLANG_WARN_OBJC_ROOT_CLASS = YES_ERROR;
				CLANG_WARN_SUSPICIOUS_MOVES = YES;
				CLANG_WARN_UNREACHABLE_CODE = YES;
				CLANG_WARN__DUPLICATE_METHOD_MATCH = YES;
				"CODE_SIGN_IDENTITY[sdk=iphoneos*]" = "iPhone Developer";
				COPY_PHASE_STRIP = NO;
				DEBUG_INFORMATION_FORMAT = dwarf;
				ENABLE_STRICT_OBJC_MSGSEND = YES;
				ENABLE_TESTABILITY = YES;
				GCC_C_LANGUAGE_STANDARD = gnu99;
				GCC_DYNAMIC_NO_PIC = NO;
				GCC_NO_COMMON_BLOCKS = YES;
				GCC_OPTIMIZATION_LEVEL = 0;
				GCC_PREPROCESSOR_DEFINITIONS = (
					"DEBUG=1",
					"$(inherited)",
				);
				GCC_WARN_64_TO_32_BIT_CONVERSION = YES;
				GCC_WARN_ABOUT_RETURN_TYPE = YES_ERROR;
				GCC_WARN_UNDECLARED_SELECTOR = YES;
				GCC_WARN_UNINITIALIZED_AUTOS = YES_AGGRESSIVE;
				GCC_WARN_UNUSED_FUNCTION = YES;
				GCC_WARN_UNUSED_VARIABLE = YES;
				IPHONEOS_DEPLOYMENT_TARGET = 10.0;
				MTL_ENABLE_DEBUG_INFO = YES;
				ONLY_ACTIVE_ARCH = YES;
				SDKROOT = iphoneos;
				SWIFT_ACTIVE_COMPILATION_CONDITIONS = DEBUG;
				SWIFT_OPTIMIZATION_LEVEL = "-Onone";
				TARGETED_DEVICE_FAMILY = "1,2";
			};
			name = Debug;
		};
		EF37AFDE1DC807A0005F6486 /* Release */ = {
			isa = XCBuildConfiguration;
			buildSettings = {
				ALWAYS_SEARCH_USER_PATHS = NO;
				CLANG_ANALYZER_NONNULL = YES;
				CLANG_CXX_LANGUAGE_STANDARD = "gnu++0x";
				CLANG_CXX_LIBRARY = "libc++";
				CLANG_ENABLE_MODULES = YES;
				CLANG_ENABLE_OBJC_ARC = YES;
				CLANG_WARN_BOOL_CONVERSION = YES;
				CLANG_WARN_CONSTANT_CONVERSION = YES;
				CLANG_WARN_DIRECT_OBJC_ISA_USAGE = YES_ERROR;
				CLANG_WARN_DOCUMENTATION_COMMENTS = YES;
				CLANG_WARN_EMPTY_BODY = YES;
				CLANG_WARN_ENUM_CONVERSION = YES;
				CLANG_WARN_INFINITE_RECURSION = YES;
				CLANG_WARN_INT_CONVERSION = YES;
				CLANG_WARN_OBJC_ROOT_CLASS = YES_ERROR;
				CLANG_WARN_SUSPICIOUS_MOVES = YES;
				CLANG_WARN_UNREACHABLE_CODE = YES;
				CLANG_WARN__DUPLICATE_METHOD_MATCH = YES;
				"CODE_SIGN_IDENTITY[sdk=iphoneos*]" = "iPhone Developer";
				COPY_PHASE_STRIP = NO;
				DEBUG_INFORMATION_FORMAT = "dwarf-with-dsym";
				ENABLE_NS_ASSERTIONS = NO;
				ENABLE_STRICT_OBJC_MSGSEND = YES;
				GCC_C_LANGUAGE_STANDARD = gnu99;
				GCC_NO_COMMON_BLOCKS = YES;
				GCC_WARN_64_TO_32_BIT_CONVERSION = YES;
				GCC_WARN_ABOUT_RETURN_TYPE = YES_ERROR;
				GCC_WARN_UNDECLARED_SELECTOR = YES;
				GCC_WARN_UNINITIALIZED_AUTOS = YES_AGGRESSIVE;
				GCC_WARN_UNUSED_FUNCTION = YES;
				GCC_WARN_UNUSED_VARIABLE = YES;
				IPHONEOS_DEPLOYMENT_TARGET = 10.0;
				MTL_ENABLE_DEBUG_INFO = NO;
				SDKROOT = iphoneos;
				SWIFT_OPTIMIZATION_LEVEL = "-Owholemodule";
				TARGETED_DEVICE_FAMILY = "1,2";
				VALIDATE_PRODUCT = YES;
			};
			name = Release;
		};
		EF37AFE01DC807A0005F6486 /* Debug */ = {
			isa = XCBuildConfiguration;
			buildSettings = {
				ASSETCATALOG_COMPILER_APPICON_NAME = AppIcon;
				INFOPLIST_FILE = Test/Info.plist;
				LD_RUNPATH_SEARCH_PATHS = "$(inherited) @executable_path/Frameworks";
				PRODUCT_BUNDLE_IDENTIFIER = tes.Test;
				PRODUCT_NAME = "$(TARGET_NAME)";
				SWIFT_VERSION = 3.0;
			};
			name = Debug;
		};
		EF37AFE11DC807A0005F6486 /* Release */ = {
			isa = XCBuildConfiguration;
			buildSettings = {
				ASSETCATALOG_COMPILER_APPICON_NAME = AppIcon;
				INFOPLIST_FILE = Test/Info.plist;
				LD_RUNPATH_SEARCH_PATHS = "$(inherited) @executable_path/Frameworks";
				PRODUCT_BUNDLE_IDENTIFIER = tes.Test;
				PRODUCT_NAME = "$(TARGET_NAME)";
				SWIFT_VERSION = 3.0;
			};
			name = Release;
		};
		EF37AFE31DC807A0005F6486 /* Debug */ = {
			isa = XCBuildConfiguration;
			buildSettings = {
				ALWAYS_EMBED_SWIFT_STANDARD_LIBRARIES = YES;
				BUNDLE_LOADER = "$(TEST_HOST)";
				INFOPLIST_FILE = TestTests/Info.plist;
				LD_RUNPATH_SEARCH_PATHS = "$(inherited) @executable_path/Frameworks @loader_path/Frameworks";
				PRODUCT_BUNDLE_IDENTIFIER = tes.TestTests;
				PRODUCT_NAME = "$(TARGET_NAME)";
				SWIFT_VERSION = 3.0;
				TEST_HOST = "$(BUILT_PRODUCTS_DIR)/Test.app/Test";
			};
			name = Debug;
		};
		EF37AFE41DC807A0005F6486 /* Release */ = {
			isa = XCBuildConfiguration;
			buildSettings = {
				ALWAYS_EMBED_SWIFT_STANDARD_LIBRARIES = YES;
				BUNDLE_LOADER = "$(TEST_HOST)";
				INFOPLIST_FILE = TestTests/Info.plist;
				LD_RUNPATH_SEARCH_PATHS = "$(inherited) @executable_path/Frameworks @loader_path/Frameworks";
				PRODUCT_BUNDLE_IDENTIFIER = tes.TestTests;
				PRODUCT_NAME = "$(TARGET_NAME)";
				SWIFT_VERSION = 3.0;
				TEST_HOST = "$(BUILT_PRODUCTS_DIR)/Test.app/Test";
			};
			name = Release;
		};
		EF37AFE61DC807A0005F6486 /* Debug */ = {
			isa = XCBuildConfiguration;
			buildSettings = {
				ALWAYS_EMBED_SWIFT_STANDARD_LIBRARIES = YES;
				INFOPLIST_FILE = TestUITests/Info.plist;
				LD_RUNPATH_SEARCH_PATHS = "$(inherited) @executable_path/Frameworks @loader_path/Frameworks";
				PRODUCT_BUNDLE_IDENTIFIER = tes.TestUITests;
				PRODUCT_NAME = "$(TARGET_NAME)";
				SWIFT_VERSION = 3.0;
				TEST_TARGET_NAME = Test;
			};
			name = Debug;
		};
		EF37AFE71DC807A0005F6486 /* Release */ = {
			isa = XCBuildConfiguration;
			buildSettings = {
				ALWAYS_EMBED_SWIFT_STANDARD_LIBRARIES = YES;
				INFOPLIST_FILE = TestUITests/Info.plist;
				LD_RUNPATH_SEARCH_PATHS = "$(inherited) @executable_path/Frameworks @loader_path/Frameworks";
				PRODUCT_BUNDLE_IDENTIFIER = tes.TestUITests;
				PRODUCT_NAME = "$(TARGET_NAME)";
				SWIFT_VERSION = 3.0;
				TEST_TARGET_NAME = Test;
			};
			name = Release;
		};
/* End XCBuildConfiguration section */

/* Begin XCConfigurationList section */
		EF37AFB21DC807A0005F6486 /* Build configuration list for PBXProject "Test" */ = {
			isa = XCConfigurationList;
			buildConfigurations = (
				EF37AFDD1DC807A0005F6486 /* Debug */,
				EF37AFDE1DC807A0005F6486 /* Release */,
			);
			defaultConfigurationIsVisible = 0;
			defaultConfigurationName = Release;
		};
		EF37AFDF1DC807A0005F6486 /* Build configuration list for PBXNativeTarget "Test" */ = {
			isa = XCConfigurationList;
			buildConfigurations = (
				EF37AFE01DC807A0005F6486 /* Debug */,
				EF37AFE11DC807A0005F6486 /* Release */,
			);
			defaultConfigurationIsVisible = 0;
		};
		EF37AFE21DC807A0005F6486 /* Build configuration list for PBXNativeTarget "TestTests" */ = {
			isa = XCConfigurationList;
			buildConfigurations = (
				EF37AFE31DC807A0005F6486 /* Debug */,
				EF37AFE41DC807A0005F6486 /* Release */,
			);
			defaultConfigurationIsVisible = 0;
		};
		EF37AFE51DC807A0005F6486 /* Build configuration list for PBXNativeTarget "TestUITests" */ = {
			isa = XCConfigurationList;
			buildConfigurations = (
				EF37AFE61DC807A0005F6486 /* Debug */,
				EF37AFE71DC807A0005F6486 /* Release */,
			);
			defaultConfigurationIsVisible = 0;
		};
/* End XCConfigurationList section */
	};
	rootObject = EF37AFAF1DC807A0005F6486 /* Project object */;
}
